
Microsoft Visual Studio Solution File, Format Version 12.00
# Visual Studio Version 17
VisualStudioVersion = 17.0.31912.275
MinimumVisualStudioVersion = 10.0.40219.1
Project("{9A19103F-16F7-4668-BE54-9A1E7A4F7556}") = "TrocaLivro.Dominio", "src\TrocaLivro.Dominio\TrocaLivro.Dominio.csproj", "{23E4CDED-97EC-4A13-B552-9FF124EF8D67}"
EndProject
Project("{9A19103F-16F7-4668-BE54-9A1E7A4F7556}") = "TrocaLivro.Api", "src\TrocaLivro.Api\TrocaLivro.Api.csproj", "{D6996923-62EB-410E-8C74-0B859DA6F8D0}"
EndProject
Project("{9A19103F-16F7-4668-BE54-9A1E7A4F7556}") = "TrocaLivro.Infra", "src\TrocaLivro.Infra\TrocaLivro.Infra.csproj", "{17B50A2D-791B-4437-87A6-531CD27E8C48}"
EndProject
Project("{9A19103F-16F7-4668-BE54-9A1E7A4F7556}") = "WebApp", "src\WebApp\WebApp.csproj", "{1F296C55-5A34-49FF-9CDD-911B36CAA229}"
EndProject
Project("{9A19103F-16F7-4668-BE54-9A1E7A4F7556}") = "TrocaLivro.Aplicacao", "src\TrocaLivro.Aplicacao\TrocaLivro.Aplicacao.csproj", "{CF2E7B81-9781-4E49-92B1-F798A37ED6D7}"
EndProject
Project("{2150E333-8FDC-42A3-9474-1A3956D46DE8}") = "Testes", "Testes", "{9CA245B0-E5C1-489B-B95A-CAA62EB688CE}"
EndProject
Project("{FAE04EC0-301F-11D3-BF4B-00C04F79EFBC}") = "TrocaLivro.Testes.Integracao", "TrocaLivro.Testes.Integracao\TrocaLivro.Testes.Integracao.csproj", "{24868DE0-683F-4172-B481-E790AFD68F4D}"
EndProject
Global
	GlobalSection(SolutionConfigurationPlatforms) = preSolution
		Debug|Any CPU = Debug|Any CPU
		Release|Any CPU = Release|Any CPU
	EndGlobalSection
	GlobalSection(ProjectConfigurationPlatforms) = postSolution
		{23E4CDED-97EC-4A13-B552-9FF124EF8D67}.Debug|Any CPU.ActiveCfg = Debug|Any CPU
		{23E4CDED-97EC-4A13-B552-9FF124EF8D67}.Debug|Any CPU.Build.0 = Debug|Any CPU
		{23E4CDED-97EC-4A13-B552-9FF124EF8D67}.Release|Any CPU.ActiveCfg = Release|Any CPU
		{23E4CDED-97EC-4A13-B552-9FF124EF8D67}.Release|Any CPU.Build.0 = Release|Any CPU
		{D6996923-62EB-410E-8C74-0B859DA6F8D0}.Debug|Any CPU.ActiveCfg = Debug|Any CPU
		{D6996923-62EB-410E-8C74-0B859DA6F8D0}.Debug|Any CPU.Build.0 = Debug|Any CPU
		{D6996923-62EB-410E-8C74-0B859DA6F8D0}.Release|Any CPU.ActiveCfg = Release|Any CPU
		{D6996923-62EB-410E-8C74-0B859DA6F8D0}.Release|Any CPU.Build.0 = Release|Any CPU
		{17B50A2D-791B-4437-87A6-531CD27E8C48}.Debug|Any CPU.ActiveCfg = Debug|Any CPU
		{17B50A2D-791B-4437-87A6-531CD27E8C48}.Debug|Any CPU.Build.0 = Debug|Any CPU
		{17B50A2D-791B-4437-87A6-531CD27E8C48}.Release|Any CPU.ActiveCfg = Release|Any CPU
		{17B50A2D-791B-4437-87A6-531CD27E8C48}.Release|Any CPU.Build.0 = Release|Any CPU
		{1F296C55-5A34-49FF-9CDD-911B36CAA229}.Debug|Any CPU.ActiveCfg = Debug|Any CPU
		{1F296C55-5A34-49FF-9CDD-911B36CAA229}.Debug|Any CPU.Build.0 = Debug|Any CPU
		{1F296C55-5A34-49FF-9CDD-911B36CAA229}.Release|Any CPU.ActiveCfg = Release|Any CPU
		{1F296C55-5A34-49FF-9CDD-911B36CAA229}.Release|Any CPU.Build.0 = Release|Any CPU
		{CF2E7B81-9781-4E49-92B1-F798A37ED6D7}.Debug|Any CPU.ActiveCfg = Debug|Any CPU
		{CF2E7B81-9781-4E49-92B1-F798A37ED6D7}.Debug|Any CPU.Build.0 = Debug|Any CPU
		{CF2E7B81-9781-4E49-92B1-F798A37ED6D7}.Release|Any CPU.ActiveCfg = Release|Any CPU
		{CF2E7B81-9781-4E49-92B1-F798A37ED6D7}.Release|Any CPU.Build.0 = Release|Any CPU
		{24868DE0-683F-4172-B481-E790AFD68F4D}.Debug|Any CPU.ActiveCfg = Debug|Any CPU
		{24868DE0-683F-4172-B481-E790AFD68F4D}.Debug|Any CPU.Build.0 = Debug|Any CPU
		{24868DE0-683F-4172-B481-E790AFD68F4D}.Release|Any CPU.ActiveCfg = Release|Any CPU
		{24868DE0-683F-4172-B481-E790AFD68F4D}.Release|Any CPU.Build.0 = Release|Any CPU
	EndGlobalSection
	GlobalSection(SolutionProperties) = preSolution
		HideSolutionNode = FALSE
	EndGlobalSection
	GlobalSection(NestedProjects) = preSolution
		{24868DE0-683F-4172-B481-E790AFD68F4D} = {9CA245B0-E5C1-489B-B95A-CAA62EB688CE}
	EndGlobalSection
	GlobalSection(ExtensibilityGlobals) = postSolution
		SolutionGuid = {F81EB1BE-0C5E-473D-9F7F-C92E885EE875}
	EndGlobalSection
EndGlobal
